// !$*UTF8*$!
{
	archiveVersion = 1;
	classes = {
	};
	objectVersion = 56;
	objects = {

/* Begin PBXBuildFile section */
		6E91D6D52CACB50C0038E338 /* TODOListApp.swift in Sources */ = {isa = PBXBuildFile; fileRef = 6E91D6D42CACB50C0038E338 /* TODOListApp.swift */; };
		6E91D6D72CACB50C0038E338 /* MainView.swift in Sources */ = {isa = PBXBuildFile; fileRef = 6E91D6D62CACB50C0038E338 /* MainView.swift */; };
		6E91D6D92CACB50D0038E338 /* Assets.xcassets in Resources */ = {isa = PBXBuildFile; fileRef = 6E91D6D82CACB50D0038E338 /* Assets.xcassets */; };
		6E91D6DC2CACB50D0038E338 /* Preview Assets.xcassets in Resources */ = {isa = PBXBuildFile; fileRef = 6E91D6DB2CACB50D0038E338 /* Preview Assets.xcassets */; };
		6E91D6E62CACB50E0038E338 /* TODOListTests.swift in Sources */ = {isa = PBXBuildFile; fileRef = 6E91D6E52CACB50E0038E338 /* TODOListTests.swift */; };
		6E91D6F02CACB50E0038E338 /* TODOListUITests.swift in Sources */ = {isa = PBXBuildFile; fileRef = 6E91D6EF2CACB50E0038E338 /* TODOListUITests.swift */; };
		6E91D6F22CACB50E0038E338 /* TODOListUITestsLaunchTests.swift in Sources */ = {isa = PBXBuildFile; fileRef = 6E91D6F12CACB50E0038E338 /* TODOListUITestsLaunchTests.swift */; };
		6E91D6FF2CAE3D180038E338 /* HomeView.swift in Sources */ = {isa = PBXBuildFile; fileRef = 6E91D6FE2CAE3D180038E338 /* HomeView.swift */; };
		6EAAD3C22CAF5159007C7E0A /* EditView.swift in Sources */ = {isa = PBXBuildFile; fileRef = 6EAAD3C12CAF5159007C7E0A /* EditView.swift */; };
		6EAAD3C32CAF5159007C7E0A /* EditView.swift in Sources */ = {isa = PBXBuildFile; fileRef = 6EAAD3C12CAF5159007C7E0A /* EditView.swift */; };
		6EAAD3C42CAF5159007C7E0A /* EditView.swift in Sources */ = {isa = PBXBuildFile; fileRef = 6EAAD3C12CAF5159007C7E0A /* EditView.swift */; };
		6EAAD3C62CAF5602007C7E0A /* AddView.swift in Sources */ = {isa = PBXBuildFile; fileRef = 6EAAD3C52CAF5602007C7E0A /* AddView.swift */; };
		6EAAD3C72CAF5602007C7E0A /* AddView.swift in Sources */ = {isa = PBXBuildFile; fileRef = 6EAAD3C52CAF5602007C7E0A /* AddView.swift */; };
		6EAAD3C82CAF5602007C7E0A /* AddView.swift in Sources */ = {isa = PBXBuildFile; fileRef = 6EAAD3C52CAF5602007C7E0A /* AddView.swift */; };
		6EAAD3C92CB02F87007C7E0A /* MainView.swift in Sources */ = {isa = PBXBuildFile; fileRef = 6E91D6D62CACB50C0038E338 /* MainView.swift */; };
		6EAAD3CA2CB02F8F007C7E0A /* HomeView.swift in Sources */ = {isa = PBXBuildFile; fileRef = 6E91D6FE2CAE3D180038E338 /* HomeView.swift */; };
		6EAAD3CB2CB02F94007C7E0A /* MainView.swift in Sources */ = {isa = PBXBuildFile; fileRef = 6E91D6D62CACB50C0038E338 /* MainView.swift */; };
		6EAAD3CC2CB02F99007C7E0A /* TODOListApp.swift in Sources */ = {isa = PBXBuildFile; fileRef = 6E91D6D42CACB50C0038E338 /* TODOListApp.swift */; };
		6EAAD3CD2CB02FAF007C7E0A /* HomeView.swift in Sources */ = {isa = PBXBuildFile; fileRef = 6E91D6FE2CAE3D180038E338 /* HomeView.swift */; };
		6EAAD3CE2CB02FB4007C7E0A /* TODOListApp.swift in Sources */ = {isa = PBXBuildFile; fileRef = 6E91D6D42CACB50C0038E338 /* TODOListApp.swift */; };
		6EAAD3D02CB034E1007C7E0A /* TodoList.swift in Sources */ = {isa = PBXBuildFile; fileRef = 6EAAD3CF2CB034E1007C7E0A /* TodoList.swift */; };
		6EAAD3D12CB034E1007C7E0A /* TodoList.swift in Sources */ = {isa = PBXBuildFile; fileRef = 6EAAD3CF2CB034E1007C7E0A /* TodoList.swift */; };
		6EAAD3D22CB034E1007C7E0A /* TodoList.swift in Sources */ = {isa = PBXBuildFile; fileRef = 6EAAD3CF2CB034E1007C7E0A /* TodoList.swift */; };
		6EAAD3D42CB0398F007C7E0A /* Configuration.swift in Sources */ = {isa = PBXBuildFile; fileRef = 6EAAD3D32CB0398F007C7E0A /* Configuration.swift */; };
		6EAAD3D52CB0398F007C7E0A /* Configuration.swift in Sources */ = {isa = PBXBuildFile; fileRef = 6EAAD3D32CB0398F007C7E0A /* Configuration.swift */; };
		6EAAD3D62CB0398F007C7E0A /* Configuration.swift in Sources */ = {isa = PBXBuildFile; fileRef = 6EAAD3D32CB0398F007C7E0A /* Configuration.swift */; };
/* End PBXBuildFile section */

/* Begin PBXContainerItemProxy section */
		6E91D6E22CACB50E0038E338 /* PBXContainerItemProxy */ = {
			isa = PBXContainerItemProxy;
			containerPortal = 6E91D6C92CACB50C0038E338 /* Project object */;
			proxyType = 1;
			remoteGlobalIDString = 6E91D6D02CACB50C0038E338;
			remoteInfo = TODOList;
		};
		6E91D6EC2CACB50E0038E338 /* PBXContainerItemProxy */ = {
			isa = PBXContainerItemProxy;
			containerPortal = 6E91D6C92CACB50C0038E338 /* Project object */;
			proxyType = 1;
			remoteGlobalIDString = 6E91D6D02CACB50C0038E338;
			remoteInfo = TODOList;
		};
/* End PBXContainerItemProxy section */

/* Begin PBXFileReference section */
		6E91D6D12CACB50C0038E338 /* TODOList.app */ = {isa = PBXFileReference; explicitFileType = wrapper.application; includeInIndex = 0; path = TODOList.app; sourceTree = BUILT_PRODUCTS_DIR; };
		6E91D6D42CACB50C0038E338 /* TODOListApp.swift */ = {isa = PBXFileReference; lastKnownFileType = sourcecode.swift; path = TODOListApp.swift; sourceTree = "<group>"; };
		6E91D6D62CACB50C0038E338 /* MainView.swift */ = {isa = PBXFileReference; lastKnownFileType = sourcecode.swift; path = MainView.swift; sourceTree = "<group>"; };
		6E91D6D82CACB50D0038E338 /* Assets.xcassets */ = {isa = PBXFileReference; lastKnownFileType = folder.assetcatalog; path = Assets.xcassets; sourceTree = "<group>"; };
		6E91D6DB2CACB50D0038E338 /* Preview Assets.xcassets */ = {isa = PBXFileReference; lastKnownFileType = folder.assetcatalog; path = "Preview Assets.xcassets"; sourceTree = "<group>"; };
		6E91D6E12CACB50E0038E338 /* TODOListTests.xctest */ = {isa = PBXFileReference; explicitFileType = wrapper.cfbundle; includeInIndex = 0; path = TODOListTests.xctest; sourceTree = BUILT_PRODUCTS_DIR; };
		6E91D6E52CACB50E0038E338 /* TODOListTests.swift */ = {isa = PBXFileReference; lastKnownFileType = sourcecode.swift; path = TODOListTests.swift; sourceTree = "<group>"; };
		6E91D6EB2CACB50E0038E338 /* TODOListUITests.xctest */ = {isa = PBXFileReference; explicitFileType = wrapper.cfbundle; includeInIndex = 0; path = TODOListUITests.xctest; sourceTree = BUILT_PRODUCTS_DIR; };
		6E91D6EF2CACB50E0038E338 /* TODOListUITests.swift */ = {isa = PBXFileReference; lastKnownFileType = sourcecode.swift; path = TODOListUITests.swift; sourceTree = "<group>"; };
		6E91D6F12CACB50E0038E338 /* TODOListUITestsLaunchTests.swift */ = {isa = PBXFileReference; lastKnownFileType = sourcecode.swift; path = TODOListUITestsLaunchTests.swift; sourceTree = "<group>"; };
		6E91D6FE2CAE3D180038E338 /* HomeView.swift */ = {isa = PBXFileReference; lastKnownFileType = sourcecode.swift; path = HomeView.swift; sourceTree = "<group>"; };
		6EAAD3C12CAF5159007C7E0A /* EditView.swift */ = {isa = PBXFileReference; lastKnownFileType = sourcecode.swift; path = EditView.swift; sourceTree = "<group>"; };
		6EAAD3C52CAF5602007C7E0A /* AddView.swift */ = {isa = PBXFileReference; lastKnownFileType = sourcecode.swift; path = AddView.swift; sourceTree = "<group>"; };
		6EAAD3CF2CB034E1007C7E0A /* TodoList.swift */ = {isa = PBXFileReference; lastKnownFileType = sourcecode.swift; path = TodoList.swift; sourceTree = "<group>"; };
		6EAAD3D32CB0398F007C7E0A /* Configuration.swift */ = {isa = PBXFileReference; lastKnownFileType = sourcecode.swift; path = Configuration.swift; sourceTree = "<group>"; };
/* End PBXFileReference section */

/* Begin PBXFrameworksBuildPhase section */
		6E91D6CE2CACB50C0038E338 /* Frameworks */ = {
			isa = PBXFrameworksBuildPhase;
			buildActionMask = 2147483647;
			files = (
			);
			runOnlyForDeploymentPostprocessing = 0;
		};
		6E91D6DE2CACB50E0038E338 /* Frameworks */ = {
			isa = PBXFrameworksBuildPhase;
			buildActionMask = 2147483647;
			files = (
			);
			runOnlyForDeploymentPostprocessing = 0;
		};
		6E91D6E82CACB50E0038E338 /* Frameworks */ = {
			isa = PBXFrameworksBuildPhase;
			buildActionMask = 2147483647;
			files = (
			);
			runOnlyForDeploymentPostprocessing = 0;
		};
/* End PBXFrameworksBuildPhase section */

/* Begin PBXGroup section */
		6E91D6C82CACB50C0038E338 = {
			isa = PBXGroup;
			children = (
				6E91D6D32CACB50C0038E338 /* TODOList */,
				6E91D6E42CACB50E0038E338 /* TODOListTests */,
				6E91D6EE2CACB50E0038E338 /* TODOListUITests */,
				6E91D6D22CACB50C0038E338 /* Products */,
			);
			sourceTree = "<group>";
		};
		6E91D6D22CACB50C0038E338 /* Products */ = {
			isa = PBXGroup;
			children = (
				6E91D6D12CACB50C0038E338 /* TODOList.app */,
				6E91D6E12CACB50E0038E338 /* TODOListTests.xctest */,
				6E91D6EB2CACB50E0038E338 /* TODOListUITests.xctest */,
			);
			name = Products;
			sourceTree = "<group>";
		};
		6E91D6D32CACB50C0038E338 /* TODOList */ = {
			isa = PBXGroup;
			children = (
				6E91D6D42CACB50C0038E338 /* TODOListApp.swift */,
				6EAAD3CF2CB034E1007C7E0A /* TodoList.swift */,
				6E91D6D62CACB50C0038E338 /* MainView.swift */,
				6EAAD3D32CB0398F007C7E0A /* Configuration.swift */,
				6EAAD3C12CAF5159007C7E0A /* EditView.swift */,
				6EAAD3C52CAF5602007C7E0A /* AddView.swift */,
				6E91D6D82CACB50D0038E338 /* Assets.xcassets */,
				6E91D6DA2CACB50D0038E338 /* Preview Content */,
				6E91D6FE2CAE3D180038E338 /* HomeView.swift */,
			);
			path = TODOList;
			sourceTree = "<group>";
		};
		6E91D6DA2CACB50D0038E338 /* Preview Content */ = {
			isa = PBXGroup;
			children = (
				6E91D6DB2CACB50D0038E338 /* Preview Assets.xcassets */,
			);
			path = "Preview Content";
			sourceTree = "<group>";
		};
		6E91D6E42CACB50E0038E338 /* TODOListTests */ = {
			isa = PBXGroup;
			children = (
				6E91D6E52CACB50E0038E338 /* TODOListTests.swift */,
			);
			path = TODOListTests;
			sourceTree = "<group>";
		};
		6E91D6EE2CACB50E0038E338 /* TODOListUITests */ = {
			isa = PBXGroup;
			children = (
				6E91D6EF2CACB50E0038E338 /* TODOListUITests.swift */,
				6E91D6F12CACB50E0038E338 /* TODOListUITestsLaunchTests.swift */,
			);
			path = TODOListUITests;
			sourceTree = "<group>";
		};
/* End PBXGroup section */

/* Begin PBXNativeTarget section */
		6E91D6D02CACB50C0038E338 /* TODOList */ = {
			isa = PBXNativeTarget;
			buildConfigurationList = 6E91D6F52CACB50E0038E338 /* Build configuration list for PBXNativeTarget "TODOList" */;
			buildPhases = (
				6E91D6CD2CACB50C0038E338 /* Sources */,
				6E91D6CE2CACB50C0038E338 /* Frameworks */,
				6E91D6CF2CACB50C0038E338 /* Resources */,
			);
			buildRules = (
			);
			dependencies = (
			);
			name = TODOList;
			productName = TODOList;
			productReference = 6E91D6D12CACB50C0038E338 /* TODOList.app */;
			productType = "com.apple.product-type.application";
		};
		6E91D6E02CACB50E0038E338 /* TODOListTests */ = {
			isa = PBXNativeTarget;
			buildConfigurationList = 6E91D6F82CACB50E0038E338 /* Build configuration list for PBXNativeTarget "TODOListTests" */;
			buildPhases = (
				6E91D6DD2CACB50E0038E338 /* Sources */,
				6E91D6DE2CACB50E0038E338 /* Frameworks */,
				6E91D6DF2CACB50E0038E338 /* Resources */,
			);
			buildRules = (
			);
			dependencies = (
				6E91D6E32CACB50E0038E338 /* PBXTargetDependency */,
			);
			name = TODOListTests;
			productName = TODOListTests;
			productReference = 6E91D6E12CACB50E0038E338 /* TODOListTests.xctest */;
			productType = "com.apple.product-type.bundle.unit-test";
		};
		6E91D6EA2CACB50E0038E338 /* TODOListUITests */ = {
			isa = PBXNativeTarget;
			buildConfigurationList = 6E91D6FB2CACB50E0038E338 /* Build configuration list for PBXNativeTarget "TODOListUITests" */;
			buildPhases = (
				6E91D6E72CACB50E0038E338 /* Sources */,
				6E91D6E82CACB50E0038E338 /* Frameworks */,
				6E91D6E92CACB50E0038E338 /* Resources */,
			);
			buildRules = (
			);
			dependencies = (
				6E91D6ED2CACB50E0038E338 /* PBXTargetDependency */,
			);
			name = TODOListUITests;
			productName = TODOListUITests;
			productReference = 6E91D6EB2CACB50E0038E338 /* TODOListUITests.xctest */;
			productType = "com.apple.product-type.bundle.ui-testing";
		};
/* End PBXNativeTarget section */

/* Begin PBXProject section */
		6E91D6C92CACB50C0038E338 /* Project object */ = {
			isa = PBXProject;
			attributes = {
				BuildIndependentTargetsInParallel = 1;
				LastSwiftUpdateCheck = 1420;
				LastUpgradeCheck = 1420;
				TargetAttributes = {
					6E91D6D02CACB50C0038E338 = {
						CreatedOnToolsVersion = 14.2;
					};
					6E91D6E02CACB50E0038E338 = {
						CreatedOnToolsVersion = 14.2;
						TestTargetID = 6E91D6D02CACB50C0038E338;
					};
					6E91D6EA2CACB50E0038E338 = {
						CreatedOnToolsVersion = 14.2;
						TestTargetID = 6E91D6D02CACB50C0038E338;
					};
				};
			};
			buildConfigurationList = 6E91D6CC2CACB50C0038E338 /* Build configuration list for PBXProject "TODOList" */;
			compatibilityVersion = "Xcode 14.0";
			developmentRegion = en;
			hasScannedForEncodings = 0;
			knownRegions = (
				en,
				Base,
			);
			mainGroup = 6E91D6C82CACB50C0038E338;
			productRefGroup = 6E91D6D22CACB50C0038E338 /* Products */;
			projectDirPath = "";
			projectRoot = "";
			targets = (
				6E91D6D02CACB50C0038E338 /* TODOList */,
				6E91D6E02CACB50E0038E338 /* TODOListTests */,
				6E91D6EA2CACB50E0038E338 /* TODOListUITests */,
			);
		};
/* End PBXProject section */

/* Begin PBXResourcesBuildPhase section */
		6E91D6CF2CACB50C0038E338 /* Resources */ = {
			isa = PBXResourcesBuildPhase;
			buildActionMask = 2147483647;
			files = (
				6E91D6DC2CACB50D0038E338 /* Preview Assets.xcassets in Resources */,
				6E91D6D92CACB50D0038E338 /* Assets.xcassets in Resources */,
			);
			runOnlyForDeploymentPostprocessing = 0;
		};
		6E91D6DF2CACB50E0038E338 /* Resources */ = {
			isa = PBXResourcesBuildPhase;
			buildActionMask = 2147483647;
			files = (
			);
			runOnlyForDeploymentPostprocessing = 0;
		};
		6E91D6E92CACB50E0038E338 /* Resources */ = {
			isa = PBXResourcesBuildPhase;
			buildActionMask = 2147483647;
			files = (
			);
			runOnlyForDeploymentPostprocessing = 0;
		};
/* End PBXResourcesBuildPhase section */

/* Begin PBXSourcesBuildPhase section */
		6E91D6CD2CACB50C0038E338 /* Sources */ = {
			isa = PBXSourcesBuildPhase;
			buildActionMask = 2147483647;
			files = (
				6E91D6FF2CAE3D180038E338 /* HomeView.swift in Sources */,
				6E91D6D72CACB50C0038E338 /* MainView.swift in Sources */,
				6EAAD3D42CB0398F007C7E0A /* Configuration.swift in Sources */,
				6EAAD3C62CAF5602007C7E0A /* AddView.swift in Sources */,
				6EAAD3D02CB034E1007C7E0A /* TodoList.swift in Sources */,
				6EAAD3C22CAF5159007C7E0A /* EditView.swift in Sources */,
				6E91D6D52CACB50C0038E338 /* TODOListApp.swift in Sources */,
			);
			runOnlyForDeploymentPostprocessing = 0;
		};
		6E91D6DD2CACB50E0038E338 /* Sources */ = {
			isa = PBXSourcesBuildPhase;
			buildActionMask = 2147483647;
			files = (
				6EAAD3CE2CB02FB4007C7E0A /* TODOListApp.swift in Sources */,
				6EAAD3D12CB034E1007C7E0A /* TodoList.swift in Sources */,
				6EAAD3CA2CB02F8F007C7E0A /* HomeView.swift in Sources */,
				6EAAD3C92CB02F87007C7E0A /* MainView.swift in Sources */,
				6EAAD3C32CAF5159007C7E0A /* EditView.swift in Sources */,
				6E91D6E62CACB50E0038E338 /* TODOListTests.swift in Sources */,
				6EAAD3D52CB0398F007C7E0A /* Configuration.swift in Sources */,
				6EAAD3C72CAF5602007C7E0A /* AddView.swift in Sources */,
			);
			runOnlyForDeploymentPostprocessing = 0;
		};
		6E91D6E72CACB50E0038E338 /* Sources */ = {
			isa = PBXSourcesBuildPhase;
			buildActionMask = 2147483647;
			files = (
				6EAAD3CD2CB02FAF007C7E0A /* HomeView.swift in Sources */,
				6EAAD3CC2CB02F99007C7E0A /* TODOListApp.swift in Sources */,
				6EAAD3CB2CB02F94007C7E0A /* MainView.swift in Sources */,
				6EAAD3D62CB0398F007C7E0A /* Configuration.swift in Sources */,
				6EAAD3D22CB034E1007C7E0A /* TodoList.swift in Sources */,
				6EAAD3C82CAF5602007C7E0A /* AddView.swift in Sources */,
				6E91D6F22CACB50E0038E338 /* TODOListUITestsLaunchTests.swift in Sources */,
				6E91D6F02CACB50E0038E338 /* TODOListUITests.swift in Sources */,
				6EAAD3C42CAF5159007C7E0A /* EditView.swift in Sources */,
			);
			runOnlyForDeploymentPostprocessing = 0;
		};
/* End PBXSourcesBuildPhase section */

/* Begin PBXTargetDependency section */
		6E91D6E32CACB50E0038E338 /* PBXTargetDependency */ = {
			isa = PBXTargetDependency;
			target = 6E91D6D02CACB50C0038E338 /* TODOList */;
			targetProxy = 6E91D6E22CACB50E0038E338 /* PBXContainerItemProxy */;
		};
		6E91D6ED2CACB50E0038E338 /* PBXTargetDependency */ = {
			isa = PBXTargetDependency;
			target = 6E91D6D02CACB50C0038E338 /* TODOList */;
			targetProxy = 6E91D6EC2CACB50E0038E338 /* PBXContainerItemProxy */;
		};
/* End PBXTargetDependency section */

/* Begin XCBuildConfiguration section */
		6E91D6F32CACB50E0038E338 /* Debug */ = {
			isa = XCBuildConfiguration;
			buildSettings = {
				ALWAYS_SEARCH_USER_PATHS = NO;
				CLANG_ANALYZER_NONNULL = YES;
				CLANG_ANALYZER_NUMBER_OBJECT_CONVERSION = YES_AGGRESSIVE;
				CLANG_CXX_LANGUAGE_STANDARD = "gnu++20";
				CLANG_ENABLE_MODULES = YES;
				CLANG_ENABLE_OBJC_ARC = YES;
				CLANG_ENABLE_OBJC_WEAK = YES;
				CLANG_WARN_BLOCK_CAPTURE_AUTORELEASING = YES;
				CLANG_WARN_BOOL_CONVERSION = YES;
				CLANG_WARN_COMMA = YES;
				CLANG_WARN_CONSTANT_CONVERSION = YES;
				CLANG_WARN_DEPRECATED_OBJC_IMPLEMENTATIONS = YES;
				CLANG_WARN_DIRECT_OBJC_ISA_USAGE = YES_ERROR;
				CLANG_WARN_DOCUMENTATION_COMMENTS = YES;
				CLANG_WARN_EMPTY_BODY = YES;
				CLANG_WARN_ENUM_CONVERSION = YES;
				CLANG_WARN_INFINITE_RECURSION = YES;
				CLANG_WARN_INT_CONVERSION = YES;
				CLANG_WARN_NON_LITERAL_NULL_CONVERSION = YES;
				CLANG_WARN_OBJC_IMPLICIT_RETAIN_SELF = YES;
				CLANG_WARN_OBJC_LITERAL_CONVERSION = YES;
				CLANG_WARN_OBJC_ROOT_CLASS = YES_ERROR;
				CLANG_WARN_QUOTED_INCLUDE_IN_FRAMEWORK_HEADER = YES;
				CLANG_WARN_RANGE_LOOP_ANALYSIS = YES;
				CLANG_WARN_STRICT_PROTOTYPES = YES;
				CLANG_WARN_SUSPICIOUS_MOVE = YES;
				CLANG_WARN_UNGUARDED_AVAILABILITY = YES_AGGRESSIVE;
				CLANG_WARN_UNREACHABLE_CODE = YES;
				CLANG_WARN__DUPLICATE_METHOD_MATCH = YES;
				COPY_PHASE_STRIP = NO;
				DEBUG_INFORMATION_FORMAT = dwarf;
				ENABLE_STRICT_OBJC_MSGSEND = YES;
				ENABLE_TESTABILITY = YES;
				GCC_C_LANGUAGE_STANDARD = gnu11;
				GCC_DYNAMIC_NO_PIC = NO;
				GCC_NO_COMMON_BLOCKS = YES;
				GCC_OPTIMIZATION_LEVEL = 0;
				GCC_PREPROCESSOR_DEFINITIONS = (
					"DEBUG=1",
					"$(inherited)",
				);
				GCC_WARN_64_TO_32_BIT_CONVERSION = YES;
				GCC_WARN_ABOUT_RETURN_TYPE = YES_ERROR;
				GCC_WARN_UNDECLARED_SELECTOR = YES;
				GCC_WARN_UNINITIALIZED_AUTOS = YES_AGGRESSIVE;
				GCC_WARN_UNUSED_FUNCTION = YES;
				GCC_WARN_UNUSED_VARIABLE = YES;
				IPHONEOS_DEPLOYMENT_TARGET = 16.2;
				MTL_ENABLE_DEBUG_INFO = INCLUDE_SOURCE;
				MTL_FAST_MATH = YES;
				ONLY_ACTIVE_ARCH = YES;
				SDKROOT = iphoneos;
				SWIFT_ACTIVE_COMPILATION_CONDITIONS = DEBUG;
				SWIFT_OPTIMIZATION_LEVEL = "-Onone";
			};
			name = Debug;
		};
		6E91D6F42CACB50E0038E338 /* Release */ = {
			isa = XCBuildConfiguration;
			buildSettings = {
				ALWAYS_SEARCH_USER_PATHS = NO;
				CLANG_ANALYZER_NONNULL = YES;
				CLANG_ANALYZER_NUMBER_OBJECT_CONVERSION = YES_AGGRESSIVE;
				CLANG_CXX_LANGUAGE_STANDARD = "gnu++20";
				CLANG_ENABLE_MODULES = YES;
				CLANG_ENABLE_OBJC_ARC = YES;
				CLANG_ENABLE_OBJC_WEAK = YES;
				CLANG_WARN_BLOCK_CAPTURE_AUTORELEASING = YES;
				CLANG_WARN_BOOL_CONVERSION = YES;
				CLANG_WARN_COMMA = YES;
				CLANG_WARN_CONSTANT_CONVERSION = YES;
				CLANG_WARN_DEPRECATED_OBJC_IMPLEMENTATIONS = YES;
				CLANG_WARN_DIRECT_OBJC_ISA_USAGE = YES_ERROR;
				CLANG_WARN_DOCUMENTATION_COMMENTS = YES;
				CLANG_WARN_EMPTY_BODY = YES;
				CLANG_WARN_ENUM_CONVERSION = YES;
				CLANG_WARN_INFINITE_RECURSION = YES;
				CLANG_WARN_INT_CONVERSION = YES;
				CLANG_WARN_NON_LITERAL_NULL_CONVERSION = YES;
				CLANG_WARN_OBJC_IMPLICIT_RETAIN_SELF = YES;
				CLANG_WARN_OBJC_LITERAL_CONVERSION = YES;
				CLANG_WARN_OBJC_ROOT_CLASS = YES_ERROR;
				CLANG_WARN_QUOTED_INCLUDE_IN_FRAMEWORK_HEADER = YES;
				CLANG_WARN_RANGE_LOOP_ANALYSIS = YES;
				CLANG_WARN_STRICT_PROTOTYPES = YES;
				CLANG_WARN_SUSPICIOUS_MOVE = YES;
				CLANG_WARN_UNGUARDED_AVAILABILITY = YES_AGGRESSIVE;
				CLANG_WARN_UNREACHABLE_CODE = YES;
				CLANG_WARN__DUPLICATE_METHOD_MATCH = YES;
				COPY_PHASE_STRIP = NO;
				DEBUG_INFORMATION_FORMAT = "dwarf-with-dsym";
				ENABLE_NS_ASSERTIONS = NO;
				ENABLE_STRICT_OBJC_MSGSEND = YES;
				GCC_C_LANGUAGE_STANDARD = gnu11;
				GCC_NO_COMMON_BLOCKS = YES;
				GCC_WARN_64_TO_32_BIT_CONVERSION = YES;
				GCC_WARN_ABOUT_RETURN_TYPE = YES_ERROR;
				GCC_WARN_UNDECLARED_SELECTOR = YES;
				GCC_WARN_UNINITIALIZED_AUTOS = YES_AGGRESSIVE;
				GCC_WARN_UNUSED_FUNCTION = YES;
				GCC_WARN_UNUSED_VARIABLE = YES;
				IPHONEOS_DEPLOYMENT_TARGET = 16.2;
				MTL_ENABLE_DEBUG_INFO = NO;
				MTL_FAST_MATH = YES;
				SDKROOT = iphoneos;
				SWIFT_COMPILATION_MODE = wholemodule;
				SWIFT_OPTIMIZATION_LEVEL = "-O";
				VALIDATE_PRODUCT = YES;
			};
			name = Release;
		};
		6E91D6F62CACB50E0038E338 /* Debug */ = {
			isa = XCBuildConfiguration;
			buildSettings = {
				ASSETCATALOG_COMPILER_APPICON_NAME = AppIcon;
				ASSETCATALOG_COMPILER_GLOBAL_ACCENT_COLOR_NAME = AccentColor;
				CODE_SIGN_STYLE = Automatic;
				CURRENT_PROJECT_VERSION = 1;
				DEVELOPMENT_ASSET_PATHS = "\"TODOList/Preview Content\"";
				DEVELOPMENT_TEAM = QDNKSKP8AF;
				ENABLE_PREVIEWS = YES;
				GENERATE_INFOPLIST_FILE = YES;
				INFOPLIST_KEY_UIApplicationSceneManifest_Generation = YES;
				INFOPLIST_KEY_UIApplicationSupportsIndirectInputEvents = YES;
				INFOPLIST_KEY_UILaunchScreen_Generation = YES;
				INFOPLIST_KEY_UISupportedInterfaceOrientations_iPad = "UIInterfaceOrientationPortrait UIInterfaceOrientationPortraitUpsideDown UIInterfaceOrientationLandscapeLeft UIInterfaceOrientationLandscapeRight";
				INFOPLIST_KEY_UISupportedInterfaceOrientations_iPhone = "UIInterfaceOrientationPortrait UIInterfaceOrientationLandscapeLeft UIInterfaceOrientationLandscapeRight";
				LD_RUNPATH_SEARCH_PATHS = (
					"$(inherited)",
					"@executable_path/Frameworks",
				);
				MARKETING_VERSION = 1.0;
				PRODUCT_BUNDLE_IDENTIFIER = jdw.todoapp;
				PRODUCT_NAME = "$(TARGET_NAME)";
				SWIFT_EMIT_LOC_STRINGS = YES;
				SWIFT_VERSION = 5.0;
				TARGETED_DEVICE_FAMILY = "1,2";
			};
			name = Debug;
		};
		6E91D6F72CACB50E0038E338 /* Release */ = {
			isa = XCBuildConfiguration;
			buildSettings = {
				ASSETCATALOG_COMPILER_APPICON_NAME = AppIcon;
				ASSETCATALOG_COMPILER_GLOBAL_ACCENT_COLOR_NAME = AccentColor;
				CODE_SIGN_STYLE = Automatic;
				CURRENT_PROJECT_VERSION = 1;
				DEVELOPMENT_ASSET_PATHS = "\"TODOList/Preview Content\"";
				DEVELOPMENT_TEAM = QDNKSKP8AF;
				ENABLE_PREVIEWS = YES;
				GENERATE_INFOPLIST_FILE = YES;
				INFOPLIST_KEY_UIApplicationSceneManifest_Generation = YES;
				INFOPLIST_KEY_UIApplicationSupportsIndirectInputEvents = YES;
				INFOPLIST_KEY_UILaunchScreen_Generation = YES;
				INFOPLIST_KEY_UISupportedInterfaceOrientations_iPad = "UIInterfaceOrientationPortrait UIInterfaceOrientationPortraitUpsideDown UIInterfaceOrientationLandscapeLeft UIInterfaceOrientationLandscapeRight";
				INFOPLIST_KEY_UISupportedInterfaceOrientations_iPhone = "UIInterfaceOrientationPortrait UIInterfaceOrientationLandscapeLeft UIInterfaceOrientationLandscapeRight";
				LD_RUNPATH_SEARCH_PATHS = (
					"$(inherited)",
					"@executable_path/Frameworks",
				);
				MARKETING_VERSION = 1.0;
				PRODUCT_BUNDLE_IDENTIFIER = jdw.todoapp;
				PRODUCT_NAME = "$(TARGET_NAME)";
				SWIFT_EMIT_LOC_STRINGS = YES;
				SWIFT_VERSION = 5.0;
				TARGETED_DEVICE_FAMILY = "1,2";
			};
			name = Release;
		};
		6E91D6F92CACB50E0038E338 /* Debug */ = {
			isa = XCBuildConfiguration;
			buildSettings = {
				ALWAYS_EMBED_SWIFT_STANDARD_LIBRARIES = YES;
				BUNDLE_LOADER = "$(TEST_HOST)";
				CODE_SIGN_STYLE = Automatic;
				CURRENT_PROJECT_VERSION = 1;
				DEVELOPMENT_TEAM = QDNKSKP8AF;
				GENERATE_INFOPLIST_FILE = YES;
				IPHONEOS_DEPLOYMENT_TARGET = 16.2;
				MARKETING_VERSION = 1.0;
				PRODUCT_BUNDLE_IDENTIFIER = jdw.todoapp.tests;
				PRODUCT_NAME = "$(TARGET_NAME)";
				SWIFT_EMIT_LOC_STRINGS = NO;
				SWIFT_VERSION = 5.0;
				TARGETED_DEVICE_FAMILY = "1,2";
				TEST_HOST = "$(BUILT_PRODUCTS_DIR)/TODOList.app/$(BUNDLE_EXECUTABLE_FOLDER_PATH)/TODOList";
			};
			name = Debug;
		};
		6E91D6FA2CACB50E0038E338 /* Release */ = {
			isa = XCBuildConfiguration;
			buildSettings = {
				ALWAYS_EMBED_SWIFT_STANDARD_LIBRARIES = YES;
				BUNDLE_LOADER = "$(TEST_HOST)";
				CODE_SIGN_STYLE = Automatic;
				CURRENT_PROJECT_VERSION = 1;
				DEVELOPMENT_TEAM = QDNKSKP8AF;
				GENERATE_INFOPLIST_FILE = YES;
				IPHONEOS_DEPLOYMENT_TARGET = 16.2;
				MARKETING_VERSION = 1.0;
				PRODUCT_BUNDLE_IDENTIFIER = jdw.todoapp.tests;
				PRODUCT_NAME = "$(TARGET_NAME)";
				SWIFT_EMIT_LOC_STRINGS = NO;
				SWIFT_VERSION = 5.0;
				TARGETED_DEVICE_FAMILY = "1,2";
				TEST_HOST = "$(BUILT_PRODUCTS_DIR)/TODOList.app/$(BUNDLE_EXECUTABLE_FOLDER_PATH)/TODOList";
			};
			name = Release;
		};
		6E91D6FC2CACB50E0038E338 /* Debug */ = {
			isa = XCBuildConfiguration;
			buildSettings = {
				ALWAYS_EMBED_SWIFT_STANDARD_LIBRARIES = YES;
				CODE_SIGN_STYLE = Automatic;
				CURRENT_PROJECT_VERSION = 1;
				DEVELOPMENT_TEAM = QDNKSKP8AF;
				GENERATE_INFOPLIST_FILE = YES;
				MARKETING_VERSION = 1.0;
				PRODUCT_BUNDLE_IDENTIFIER = jdw.TODOListUITests;
				PRODUCT_NAME = "$(TARGET_NAME)";
				SWIFT_EMIT_LOC_STRINGS = NO;
				SWIFT_VERSION = 5.0;
				TARGETED_DEVICE_FAMILY = "1,2";
				TEST_TARGET_NAME = TODOList;
			};
			name = Debug;
		};
		6E91D6FD2CACB50E0038E338 /* Release */ = {
			isa = XCBuildConfiguration;
			buildSettings = {
				ALWAYS_EMBED_SWIFT_STANDARD_LIBRARIES = YES;
				CODE_SIGN_STYLE = Automatic;
				CURRENT_PROJECT_VERSION = 1;
				DEVELOPMENT_TEAM = QDNKSKP8AF;
				GENERATE_INFOPLIST_FILE = YES;
				MARKETING_VERSION = 1.0;
				PRODUCT_BUNDLE_IDENTIFIER = jdw.TODOListUITests;
				PRODUCT_NAME = "$(TARGET_NAME)";
				SWIFT_EMIT_LOC_STRINGS = NO;
				SWIFT_VERSION = 5.0;
				TARGETED_DEVICE_FAMILY = "1,2";
				TEST_TARGET_NAME = TODOList;
			};
			name = Release;
		};
/* End XCBuildConfiguration section */

/* Begin XCConfigurationList section */
		6E91D6CC2CACB50C0038E338 /* Build configuration list for PBXProject "TODOList" */ = {
			isa = XCConfigurationList;
			buildConfigurations = (
				6E91D6F32CACB50E0038E338 /* Debug */,
				6E91D6F42CACB50E0038E338 /* Release */,
			);
			defaultConfigurationIsVisible = 0;
			defaultConfigurationName = Release;
		};
		6E91D6F52CACB50E0038E338 /* Build configuration list for PBXNativeTarget "TODOList" */ = {
			isa = XCConfigurationList;
			buildConfigurations = (
				6E91D6F62CACB50E0038E338 /* Debug */,
				6E91D6F72CACB50E0038E338 /* Release */,
			);
			defaultConfigurationIsVisible = 0;
			defaultConfigurationName = Release;
		};
		6E91D6F82CACB50E0038E338 /* Build configuration list for PBXNativeTarget "TODOListTests" */ = {
			isa = XCConfigurationList;
			buildConfigurations = (
				6E91D6F92CACB50E0038E338 /* Debug */,
				6E91D6FA2CACB50E0038E338 /* Release */,
			);
			defaultConfigurationIsVisible = 0;
			defaultConfigurationName = Release;
		};
		6E91D6FB2CACB50E0038E338 /* Build configuration list for PBXNativeTarget "TODOListUITests" */ = {
			isa = XCConfigurationList;
			buildConfigurations = (
				6E91D6FC2CACB50E0038E338 /* Debug */,
				6E91D6FD2CACB50E0038E338 /* Release */,
			);
			defaultConfigurationIsVisible = 0;
			defaultConfigurationName = Release;
		};
/* End XCConfigurationList section */
	};
	rootObject = 6E91D6C92CACB50C0038E338 /* Project object */;
}
